
Microsoft Visual Studio Solution File, Format Version 12.00
# Visual Studio Version 17
VisualStudioVersion = 17.7.34221.43
MinimumVisualStudioVersion = 10.0.40219.1
Project("{FAE04EC0-301F-11D3-BF4B-00C04F79EFBC}") = "WindowsFormsApp3", "WindowsFormsApp3\WindowsFormsApp3.csproj", "{C1FCE6D5-7088-424D-B0AC-35840B038AFF}"
EndProject
Global
	GlobalSection(SolutionConfigurationPlatforms) = preSolution
		Debug|Any CPU = Debug|Any CPU
		Release|Any CPU = Release|Any CPU
	EndGlobalSection
	GlobalSection(ProjectConfigurationPlatforms) = postSolution
		{C1FCE6D5-7088-424D-B0AC-35840B038AFF}.Debug|Any CPU.ActiveCfg = Debug|Any CPU
		{C1FCE6D5-7088-424D-B0AC-35840B038AFF}.Debug|Any CPU.Build.0 = Debug|Any CPU
		{C1FCE6D5-7088-424D-B0AC-35840B038AFF}.Release|Any CPU.ActiveCfg = Release|Any CPU
		{C1FCE6D5-7088-424D-B0AC-35840B038AFF}.Release|Any CPU.Build.0 = Release|Any CPU
	EndGlobalSection
	GlobalSection(SolutionProperties) = preSolution
		HideSolutionNode = FALSE
	EndGlobalSection
	GlobalSection(ExtensibilityGlobals) = postSolution
		SolutionGuid = {5E12A737-83A3-4F6A-8929-96B778DE438E}
	EndGlobalSection
EndGlobal
